
Microsoft Visual Studio Solution File, Format Version 12.00
# Visual Studio 2013
VisualStudioVersion = 12.0.21005.1
MinimumVisualStudioVersion = 10.0.40219.1
Project("{FAE04EC0-301F-11D3-BF4B-00C04F79EFBC}") = "JJS_Tool", "..\CShape_Lib\Source_Code\Tool\JJS_Tool\JJS_Tool.csproj", "{74B42D25-993F-4C51-87FC-0E28A61F8FAB}"
EndProject
Project("{FAE04EC0-301F-11D3-BF4B-00C04F79EFBC}") = "XML_File", "..\CShape_Lib\Source_Code\Ini_File\XML_File\XML_File.csproj", "{99C3016A-4460-4941-A016-3B2C012A17B3}"
EndProject
Project("{FAE04EC0-301F-11D3-BF4B-00C04F79EFBC}") = "Halcon_Tool", "..\CShape_Lib\Source_Code\Vision\Halcon_Tool\Halcon_Tool.csproj", "{9012C695-4133-4B34-AF11-6DC39FA48BB3}"
EndProject
Project("{FAE04EC0-301F-11D3-BF4B-00C04F79EFBC}") = "Base_Vision", "..\CShape_Lib\Source_Code\Vision\Base_Vision\Base_Vision.csproj", "{79CB892B-6A0D-49AE-8014-90A0A5CF8D21}"
EndProject
Project("{FAE04EC0-301F-11D3-BF4B-00C04F79EFBC}") = "Find_Model", "..\CShape_Lib\Source_Code\Vision\Find_Model\Find_Model.csproj", "{97B42CDB-2D61-4337-96F8-9604AD255A61}"
EndProject
Project("{FAE04EC0-301F-11D3-BF4B-00C04F79EFBC}") = "CAD", "..\CShape_Lib\Source_Code\CAD\CAD.csproj", "{4D135B48-DE50-4B70-B1F1-AEEBF4638E84}"
EndProject
Project("{FAE04EC0-301F-11D3-BF4B-00C04F79EFBC}") = "Base_PLC", "..\CShape_Lib\Source_Code\PLC\Base_PLC\Base_PLC.csproj", "{23C43740-F031-429F-8D01-E9B6BE85EDE7}"
EndProject
Project("{FAE04EC0-301F-11D3-BF4B-00C04F79EFBC}") = "User_Manager", "..\CShape_Lib\Source_Code\User_Management\User_Management\User_Manager.csproj", "{ECBBB25A-67B6-455F-9F40-8FCB7A36BC96}"
EndProject
Project("{FAE04EC0-301F-11D3-BF4B-00C04F79EFBC}") = "Reader", "..\CShape_Lib\Source_Code\Reader\Reader.csproj", "{419D3C47-1FCE-43B6-8009-22257EFB4303}"
EndProject
Project("{FAE04EC0-301F-11D3-BF4B-00C04F79EFBC}") = "TMain", "Main\TMain.csproj", "{221211DF-24CF-4960-BC7C-98E1889A3B6E}"
EndProject
Project("{FAE04EC0-301F-11D3-BF4B-00C04F79EFBC}") = "Light_Base", "..\CShape_Lib\Source_Code\Light\Light_Base\Light_Base.csproj", "{55BCED32-39DB-4562-9FDB-7B14B687824A}"
EndProject
Project("{FAE04EC0-301F-11D3-BF4B-00C04F79EFBC}") = "Light_EFC", "..\CShape_Lib\Source_Code\Light\Light_EFC\Light_EFC.csproj", "{C38E5065-C3A6-46EB-A2F9-1AE406973B0A}"
EndProject
Project("{FAE04EC0-301F-11D3-BF4B-00C04F79EFBC}") = "Camera_Base", "..\CShape_Lib\Source_Code\Camera\Camera_Base\Camera_Base.csproj", "{1FD55CEC-0EA7-4369-B44F-E863F363978F}"
EndProject
Project("{FAE04EC0-301F-11D3-BF4B-00C04F79EFBC}") = "File_Manager", "..\CShape_Lib\Source_Code\File_Management\File_Manager.csproj", "{81EA7B8E-78E5-4F7D-A4CB-4C5A0B661917}"
EndProject
Project("{FAE04EC0-301F-11D3-BF4B-00C04F79EFBC}") = "Melsec_2", "..\CShape_Lib\Source_Code\PLC\Melsec2_PLC\Melsec_2.csproj", "{0F5E8E4D-DA33-418A-92C1-158DB53F9636}"
EndProject
Project("{FAE04EC0-301F-11D3-BF4B-00C04F79EFBC}") = "Camera_Sentech_V1.1", "..\CShape_Lib\Source_Code\Camera\Camera_Sentech_V1.1\Camera_Sentech_V1.1.csproj", "{C022DAC4-B422-452F-9824-962D18B599A5}"
EndProject
Project("{FAE04EC0-301F-11D3-BF4B-00C04F79EFBC}") = "Cognex_DataMan", "Cognex_DataMan\Cognex_DataMan.csproj", "{055A37E8-B06C-4AAD-87BC-6AE6638CFCE9}"
EndProject
Project("{FAE04EC0-301F-11D3-BF4B-00C04F79EFBC}") = "Zebra_Printer", "Printer\Zebra_Printer.csproj", "{31F2FC6B-4161-450C-B23D-EECE5F2A5DBB}"
EndProject
Project("{FAE04EC0-301F-11D3-BF4B-00C04F79EFBC}") = "Image_Pre_Process", "Image_Pre_Pross\Image_Pre_Process.csproj", "{291C246D-7443-4536-909A-E942914EAAFD}"
EndProject
Global
	GlobalSection(SolutionConfigurationPlatforms) = preSolution
		Debug|Any CPU = Debug|Any CPU
		Debug|x64 = Debug|x64
		Debug|x86 = Debug|x86
		Release|Any CPU = Release|Any CPU
		Release|x64 = Release|x64
		Release|x86 = Release|x86
		x64|Any CPU = x64|Any CPU
		x64|x64 = x64|x64
		x64|x86 = x64|x86
	EndGlobalSection
	GlobalSection(ProjectConfigurationPlatforms) = postSolution
		{74B42D25-993F-4C51-87FC-0E28A61F8FAB}.Debug|Any CPU.ActiveCfg = Debug|Any CPU
		{74B42D25-993F-4C51-87FC-0E28A61F8FAB}.Debug|Any CPU.Build.0 = Debug|Any CPU
		{74B42D25-993F-4C51-87FC-0E28A61F8FAB}.Debug|x64.ActiveCfg = Debug|Any CPU
		{74B42D25-993F-4C51-87FC-0E28A61F8FAB}.Debug|x86.ActiveCfg = Debug|Any CPU
		{74B42D25-993F-4C51-87FC-0E28A61F8FAB}.Release|Any CPU.ActiveCfg = Release|Any CPU
		{74B42D25-993F-4C51-87FC-0E28A61F8FAB}.Release|Any CPU.Build.0 = Release|Any CPU
		{74B42D25-993F-4C51-87FC-0E28A61F8FAB}.Release|x64.ActiveCfg = Release|Any CPU
		{74B42D25-993F-4C51-87FC-0E28A61F8FAB}.Release|x86.ActiveCfg = Release|Any CPU
		{74B42D25-993F-4C51-87FC-0E28A61F8FAB}.x64|Any CPU.ActiveCfg = Release|Any CPU
		{74B42D25-993F-4C51-87FC-0E28A61F8FAB}.x64|Any CPU.Build.0 = Release|Any CPU
		{74B42D25-993F-4C51-87FC-0E28A61F8FAB}.x64|x64.ActiveCfg = Release|Any CPU
		{74B42D25-993F-4C51-87FC-0E28A61F8FAB}.x64|x86.ActiveCfg = Release|Any CPU
		{99C3016A-4460-4941-A016-3B2C012A17B3}.Debug|Any CPU.ActiveCfg = Debug|Any CPU
		{99C3016A-4460-4941-A016-3B2C012A17B3}.Debug|Any CPU.Build.0 = Debug|Any CPU
		{99C3016A-4460-4941-A016-3B2C012A17B3}.Debug|x64.ActiveCfg = Debug|Any CPU
		{99C3016A-4460-4941-A016-3B2C012A17B3}.Debug|x86.ActiveCfg = Debug|Any CPU
		{99C3016A-4460-4941-A016-3B2C012A17B3}.Release|Any CPU.ActiveCfg = Release|Any CPU
		{99C3016A-4460-4941-A016-3B2C012A17B3}.Release|Any CPU.Build.0 = Release|Any CPU
		{99C3016A-4460-4941-A016-3B2C012A17B3}.Release|x64.ActiveCfg = Release|Any CPU
		{99C3016A-4460-4941-A016-3B2C012A17B3}.Release|x86.ActiveCfg = Release|Any CPU
		{99C3016A-4460-4941-A016-3B2C012A17B3}.x64|Any CPU.ActiveCfg = Release|Any CPU
		{99C3016A-4460-4941-A016-3B2C012A17B3}.x64|Any CPU.Build.0 = Release|Any CPU
		{99C3016A-4460-4941-A016-3B2C012A17B3}.x64|x64.ActiveCfg = Release|Any CPU
		{99C3016A-4460-4941-A016-3B2C012A17B3}.x64|x86.ActiveCfg = Release|Any CPU
		{9012C695-4133-4B34-AF11-6DC39FA48BB3}.Debug|Any CPU.ActiveCfg = Debug|Any CPU
		{9012C695-4133-4B34-AF11-6DC39FA48BB3}.Debug|Any CPU.Build.0 = Debug|Any CPU
		{9012C695-4133-4B34-AF11-6DC39FA48BB3}.Debug|x64.ActiveCfg = Debug|Any CPU
		{9012C695-4133-4B34-AF11-6DC39FA48BB3}.Debug|x86.ActiveCfg = Debug|Any CPU
		{9012C695-4133-4B34-AF11-6DC39FA48BB3}.Release|Any CPU.ActiveCfg = Release|Any CPU
		{9012C695-4133-4B34-AF11-6DC39FA48BB3}.Release|Any CPU.Build.0 = Release|Any CPU
		{9012C695-4133-4B34-AF11-6DC39FA48BB3}.Release|x64.ActiveCfg = Release|Any CPU
		{9012C695-4133-4B34-AF11-6DC39FA48BB3}.Release|x86.ActiveCfg = Release|Any CPU
		{9012C695-4133-4B34-AF11-6DC39FA48BB3}.x64|Any CPU.ActiveCfg = Release|Any CPU
		{9012C695-4133-4B34-AF11-6DC39FA48BB3}.x64|Any CPU.Build.0 = Release|Any CPU
		{9012C695-4133-4B34-AF11-6DC39FA48BB3}.x64|x64.ActiveCfg = Release|Any CPU
		{9012C695-4133-4B34-AF11-6DC39FA48BB3}.x64|x86.ActiveCfg = Release|Any CPU
		{79CB892B-6A0D-49AE-8014-90A0A5CF8D21}.Debug|Any CPU.ActiveCfg = Debug|Any CPU
		{79CB892B-6A0D-49AE-8014-90A0A5CF8D21}.Debug|Any CPU.Build.0 = Debug|Any CPU
		{79CB892B-6A0D-49AE-8014-90A0A5CF8D21}.Debug|x64.ActiveCfg = Debug|x64
		{79CB892B-6A0D-49AE-8014-90A0A5CF8D21}.Debug|x64.Build.0 = Debug|x64
		{79CB892B-6A0D-49AE-8014-90A0A5CF8D21}.Debug|x86.ActiveCfg = Debug|Any CPU
		{79CB892B-6A0D-49AE-8014-90A0A5CF8D21}.Release|Any CPU.ActiveCfg = Release|Any CPU
		{79CB892B-6A0D-49AE-8014-90A0A5CF8D21}.Release|Any CPU.Build.0 = Release|Any CPU
		{79CB892B-6A0D-49AE-8014-90A0A5CF8D21}.Release|x64.ActiveCfg = Release|x64
		{79CB892B-6A0D-49AE-8014-90A0A5CF8D21}.Release|x64.Build.0 = Release|x64
		{79CB892B-6A0D-49AE-8014-90A0A5CF8D21}.Release|x86.ActiveCfg = Release|Any CPU
		{79CB892B-6A0D-49AE-8014-90A0A5CF8D21}.x64|Any CPU.ActiveCfg = Release|Any CPU
		{79CB892B-6A0D-49AE-8014-90A0A5CF8D21}.x64|Any CPU.Build.0 = Release|Any CPU
		{79CB892B-6A0D-49AE-8014-90A0A5CF8D21}.x64|x64.ActiveCfg = Release|x64
		{79CB892B-6A0D-49AE-8014-90A0A5CF8D21}.x64|x64.Build.0 = Release|x64
		{79CB892B-6A0D-49AE-8014-90A0A5CF8D21}.x64|x86.ActiveCfg = Release|Any CPU
		{97B42CDB-2D61-4337-96F8-9604AD255A61}.Debug|Any CPU.ActiveCfg = Debug|Any CPU
		{97B42CDB-2D61-4337-96F8-9604AD255A61}.Debug|Any CPU.Build.0 = Debug|Any CPU
		{97B42CDB-2D61-4337-96F8-9604AD255A61}.Debug|x64.ActiveCfg = Debug|Any CPU
		{97B42CDB-2D61-4337-96F8-9604AD255A61}.Debug|x86.ActiveCfg = Debug|Any CPU
		{97B42CDB-2D61-4337-96F8-9604AD255A61}.Release|Any CPU.ActiveCfg = Release|Any CPU
		{97B42CDB-2D61-4337-96F8-9604AD255A61}.Release|Any CPU.Build.0 = Release|Any CPU
		{97B42CDB-2D61-4337-96F8-9604AD255A61}.Release|x64.ActiveCfg = Release|Any CPU
		{97B42CDB-2D61-4337-96F8-9604AD255A61}.Release|x86.ActiveCfg = Release|Any CPU
		{97B42CDB-2D61-4337-96F8-9604AD255A61}.x64|Any CPU.ActiveCfg = Release|Any CPU
		{97B42CDB-2D61-4337-96F8-9604AD255A61}.x64|Any CPU.Build.0 = Release|Any CPU
		{97B42CDB-2D61-4337-96F8-9604AD255A61}.x64|x64.ActiveCfg = Release|Any CPU
		{97B42CDB-2D61-4337-96F8-9604AD255A61}.x64|x86.ActiveCfg = Release|Any CPU
		{4D135B48-DE50-4B70-B1F1-AEEBF4638E84}.Debug|Any CPU.ActiveCfg = Debug|Any CPU
		{4D135B48-DE50-4B70-B1F1-AEEBF4638E84}.Debug|Any CPU.Build.0 = Debug|Any CPU
		{4D135B48-DE50-4B70-B1F1-AEEBF4638E84}.Debug|x64.ActiveCfg = Debug|Any CPU
		{4D135B48-DE50-4B70-B1F1-AEEBF4638E84}.Debug|x86.ActiveCfg = Debug|Any CPU
		{4D135B48-DE50-4B70-B1F1-AEEBF4638E84}.Release|Any CPU.ActiveCfg = Release|Any CPU
		{4D135B48-DE50-4B70-B1F1-AEEBF4638E84}.Release|Any CPU.Build.0 = Release|Any CPU
		{4D135B48-DE50-4B70-B1F1-AEEBF4638E84}.Release|x64.ActiveCfg = Release|Any CPU
		{4D135B48-DE50-4B70-B1F1-AEEBF4638E84}.Release|x86.ActiveCfg = Release|Any CPU
		{4D135B48-DE50-4B70-B1F1-AEEBF4638E84}.x64|Any CPU.ActiveCfg = Release|Any CPU
		{4D135B48-DE50-4B70-B1F1-AEEBF4638E84}.x64|Any CPU.Build.0 = Release|Any CPU
		{4D135B48-DE50-4B70-B1F1-AEEBF4638E84}.x64|x64.ActiveCfg = Release|Any CPU
		{4D135B48-DE50-4B70-B1F1-AEEBF4638E84}.x64|x86.ActiveCfg = Release|Any CPU
		{23C43740-F031-429F-8D01-E9B6BE85EDE7}.Debug|Any CPU.ActiveCfg = Debug|Any CPU
		{23C43740-F031-429F-8D01-E9B6BE85EDE7}.Debug|Any CPU.Build.0 = Debug|Any CPU
		{23C43740-F031-429F-8D01-E9B6BE85EDE7}.Debug|x64.ActiveCfg = Debug|Any CPU
		{23C43740-F031-429F-8D01-E9B6BE85EDE7}.Debug|x86.ActiveCfg = Debug|Any CPU
		{23C43740-F031-429F-8D01-E9B6BE85EDE7}.Release|Any CPU.ActiveCfg = Release|Any CPU
		{23C43740-F031-429F-8D01-E9B6BE85EDE7}.Release|Any CPU.Build.0 = Release|Any CPU
		{23C43740-F031-429F-8D01-E9B6BE85EDE7}.Release|x64.ActiveCfg = Release|Any CPU
		{23C43740-F031-429F-8D01-E9B6BE85EDE7}.Release|x86.ActiveCfg = Release|Any CPU
		{23C43740-F031-429F-8D01-E9B6BE85EDE7}.x64|Any CPU.ActiveCfg = Release|Any CPU
		{23C43740-F031-429F-8D01-E9B6BE85EDE7}.x64|Any CPU.Build.0 = Release|Any CPU
		{23C43740-F031-429F-8D01-E9B6BE85EDE7}.x64|x64.ActiveCfg = Release|Any CPU
		{23C43740-F031-429F-8D01-E9B6BE85EDE7}.x64|x86.ActiveCfg = Release|Any CPU
		{ECBBB25A-67B6-455F-9F40-8FCB7A36BC96}.Debug|Any CPU.ActiveCfg = Debug|Any CPU
		{ECBBB25A-67B6-455F-9F40-8FCB7A36BC96}.Debug|Any CPU.Build.0 = Debug|Any CPU
		{ECBBB25A-67B6-455F-9F40-8FCB7A36BC96}.Debug|x64.ActiveCfg = Debug|Any CPU
		{ECBBB25A-67B6-455F-9F40-8FCB7A36BC96}.Debug|x86.ActiveCfg = Debug|Any CPU
		{ECBBB25A-67B6-455F-9F40-8FCB7A36BC96}.Release|Any CPU.ActiveCfg = Release|Any CPU
		{ECBBB25A-67B6-455F-9F40-8FCB7A36BC96}.Release|Any CPU.Build.0 = Release|Any CPU
		{ECBBB25A-67B6-455F-9F40-8FCB7A36BC96}.Release|x64.ActiveCfg = Release|Any CPU
		{ECBBB25A-67B6-455F-9F40-8FCB7A36BC96}.Release|x86.ActiveCfg = Release|Any CPU
		{ECBBB25A-67B6-455F-9F40-8FCB7A36BC96}.x64|Any CPU.ActiveCfg = Release|Any CPU
		{ECBBB25A-67B6-455F-9F40-8FCB7A36BC96}.x64|Any CPU.Build.0 = Release|Any CPU
		{ECBBB25A-67B6-455F-9F40-8FCB7A36BC96}.x64|x64.ActiveCfg = Release|Any CPU
		{ECBBB25A-67B6-455F-9F40-8FCB7A36BC96}.x64|x86.ActiveCfg = Release|Any CPU
		{419D3C47-1FCE-43B6-8009-22257EFB4303}.Debug|Any CPU.ActiveCfg = Debug|Any CPU
		{419D3C47-1FCE-43B6-8009-22257EFB4303}.Debug|Any CPU.Build.0 = Debug|Any CPU
		{419D3C47-1FCE-43B6-8009-22257EFB4303}.Debug|x64.ActiveCfg = Debug|Any CPU
		{419D3C47-1FCE-43B6-8009-22257EFB4303}.Debug|x86.ActiveCfg = Debug|Any CPU
		{419D3C47-1FCE-43B6-8009-22257EFB4303}.Release|Any CPU.ActiveCfg = Release|Any CPU
		{419D3C47-1FCE-43B6-8009-22257EFB4303}.Release|Any CPU.Build.0 = Release|Any CPU
		{419D3C47-1FCE-43B6-8009-22257EFB4303}.Release|x64.ActiveCfg = Release|Any CPU
		{419D3C47-1FCE-43B6-8009-22257EFB4303}.Release|x86.ActiveCfg = Release|Any CPU
		{419D3C47-1FCE-43B6-8009-22257EFB4303}.x64|Any CPU.ActiveCfg = Release|Any CPU
		{419D3C47-1FCE-43B6-8009-22257EFB4303}.x64|Any CPU.Build.0 = Release|Any CPU
		{419D3C47-1FCE-43B6-8009-22257EFB4303}.x64|x64.ActiveCfg = Release|Any CPU
		{419D3C47-1FCE-43B6-8009-22257EFB4303}.x64|x86.ActiveCfg = Release|Any CPU
		{221211DF-24CF-4960-BC7C-98E1889A3B6E}.Debug|Any CPU.ActiveCfg = Debug|Any CPU
		{221211DF-24CF-4960-BC7C-98E1889A3B6E}.Debug|Any CPU.Build.0 = Debug|Any CPU
		{221211DF-24CF-4960-BC7C-98E1889A3B6E}.Debug|x64.ActiveCfg = Debug|Any CPU
		{221211DF-24CF-4960-BC7C-98E1889A3B6E}.Debug|x86.ActiveCfg = Debug|Any CPU
		{221211DF-24CF-4960-BC7C-98E1889A3B6E}.Release|Any CPU.ActiveCfg = Release|Any CPU
		{221211DF-24CF-4960-BC7C-98E1889A3B6E}.Release|Any CPU.Build.0 = Release|Any CPU
		{221211DF-24CF-4960-BC7C-98E1889A3B6E}.Release|x64.ActiveCfg = Release|Any CPU
		{221211DF-24CF-4960-BC7C-98E1889A3B6E}.Release|x86.ActiveCfg = Release|Any CPU
		{221211DF-24CF-4960-BC7C-98E1889A3B6E}.x64|Any CPU.ActiveCfg = Release|Any CPU
		{221211DF-24CF-4960-BC7C-98E1889A3B6E}.x64|Any CPU.Build.0 = Release|Any CPU
		{221211DF-24CF-4960-BC7C-98E1889A3B6E}.x64|x64.ActiveCfg = Release|Any CPU
		{221211DF-24CF-4960-BC7C-98E1889A3B6E}.x64|x86.ActiveCfg = Release|Any CPU
		{55BCED32-39DB-4562-9FDB-7B14B687824A}.Debug|Any CPU.ActiveCfg = Debug|Any CPU
		{55BCED32-39DB-4562-9FDB-7B14B687824A}.Debug|Any CPU.Build.0 = Debug|Any CPU
		{55BCED32-39DB-4562-9FDB-7B14B687824A}.Debug|x64.ActiveCfg = Debug|Any CPU
		{55BCED32-39DB-4562-9FDB-7B14B687824A}.Debug|x86.ActiveCfg = Debug|Any CPU
		{55BCED32-39DB-4562-9FDB-7B14B687824A}.Release|Any CPU.ActiveCfg = Release|Any CPU
		{55BCED32-39DB-4562-9FDB-7B14B687824A}.Release|Any CPU.Build.0 = Release|Any CPU
		{55BCED32-39DB-4562-9FDB-7B14B687824A}.Release|x64.ActiveCfg = Release|Any CPU
		{55BCED32-39DB-4562-9FDB-7B14B687824A}.Release|x86.ActiveCfg = Release|Any CPU
		{55BCED32-39DB-4562-9FDB-7B14B687824A}.x64|Any CPU.ActiveCfg = Release|Any CPU
		{55BCED32-39DB-4562-9FDB-7B14B687824A}.x64|Any CPU.Build.0 = Release|Any CPU
		{55BCED32-39DB-4562-9FDB-7B14B687824A}.x64|x64.ActiveCfg = Release|Any CPU
		{55BCED32-39DB-4562-9FDB-7B14B687824A}.x64|x86.ActiveCfg = Release|Any CPU
		{C38E5065-C3A6-46EB-A2F9-1AE406973B0A}.Debug|Any CPU.ActiveCfg = Debug|Any CPU
		{C38E5065-C3A6-46EB-A2F9-1AE406973B0A}.Debug|Any CPU.Build.0 = Debug|Any CPU
		{C38E5065-C3A6-46EB-A2F9-1AE406973B0A}.Debug|x64.ActiveCfg = Debug|Any CPU
		{C38E5065-C3A6-46EB-A2F9-1AE406973B0A}.Debug|x86.ActiveCfg = Debug|Any CPU
		{C38E5065-C3A6-46EB-A2F9-1AE406973B0A}.Release|Any CPU.ActiveCfg = Release|Any CPU
		{C38E5065-C3A6-46EB-A2F9-1AE406973B0A}.Release|Any CPU.Build.0 = Release|Any CPU
		{C38E5065-C3A6-46EB-A2F9-1AE406973B0A}.Release|x64.ActiveCfg = Release|Any CPU
		{C38E5065-C3A6-46EB-A2F9-1AE406973B0A}.Release|x86.ActiveCfg = Release|Any CPU
		{C38E5065-C3A6-46EB-A2F9-1AE406973B0A}.x64|Any CPU.ActiveCfg = Release|Any CPU
		{C38E5065-C3A6-46EB-A2F9-1AE406973B0A}.x64|Any CPU.Build.0 = Release|Any CPU
		{C38E5065-C3A6-46EB-A2F9-1AE406973B0A}.x64|x64.ActiveCfg = Release|Any CPU
		{C38E5065-C3A6-46EB-A2F9-1AE406973B0A}.x64|x86.ActiveCfg = Release|Any CPU
		{1FD55CEC-0EA7-4369-B44F-E863F363978F}.Debug|Any CPU.ActiveCfg = Debug|Any CPU
		{1FD55CEC-0EA7-4369-B44F-E863F363978F}.Debug|Any CPU.Build.0 = Debug|Any CPU
		{1FD55CEC-0EA7-4369-B44F-E863F363978F}.Debug|x64.ActiveCfg = Debug|x64
		{1FD55CEC-0EA7-4369-B44F-E863F363978F}.Debug|x64.Build.0 = Debug|x64
		{1FD55CEC-0EA7-4369-B44F-E863F363978F}.Debug|x86.ActiveCfg = Debug|Any CPU
		{1FD55CEC-0EA7-4369-B44F-E863F363978F}.Release|Any CPU.ActiveCfg = Release|Any CPU
		{1FD55CEC-0EA7-4369-B44F-E863F363978F}.Release|Any CPU.Build.0 = Release|Any CPU
		{1FD55CEC-0EA7-4369-B44F-E863F363978F}.Release|x64.ActiveCfg = Release|x64
		{1FD55CEC-0EA7-4369-B44F-E863F363978F}.Release|x64.Build.0 = Release|x64
		{1FD55CEC-0EA7-4369-B44F-E863F363978F}.Release|x86.ActiveCfg = Release|Any CPU
		{1FD55CEC-0EA7-4369-B44F-E863F363978F}.x64|Any CPU.ActiveCfg = Release|Any CPU
		{1FD55CEC-0EA7-4369-B44F-E863F363978F}.x64|Any CPU.Build.0 = Release|Any CPU
		{1FD55CEC-0EA7-4369-B44F-E863F363978F}.x64|x64.ActiveCfg = Release|x64
		{1FD55CEC-0EA7-4369-B44F-E863F363978F}.x64|x64.Build.0 = Release|x64
		{1FD55CEC-0EA7-4369-B44F-E863F363978F}.x64|x86.ActiveCfg = Release|Any CPU
		{81EA7B8E-78E5-4F7D-A4CB-4C5A0B661917}.Debug|Any CPU.ActiveCfg = Debug|Any CPU
		{81EA7B8E-78E5-4F7D-A4CB-4C5A0B661917}.Debug|Any CPU.Build.0 = Debug|Any CPU
		{81EA7B8E-78E5-4F7D-A4CB-4C5A0B661917}.Debug|x64.ActiveCfg = Debug|Any CPU
		{81EA7B8E-78E5-4F7D-A4CB-4C5A0B661917}.Debug|x86.ActiveCfg = Debug|Any CPU
		{81EA7B8E-78E5-4F7D-A4CB-4C5A0B661917}.Release|Any CPU.ActiveCfg = Release|Any CPU
		{81EA7B8E-78E5-4F7D-A4CB-4C5A0B661917}.Release|Any CPU.Build.0 = Release|Any CPU
		{81EA7B8E-78E5-4F7D-A4CB-4C5A0B661917}.Release|x64.ActiveCfg = Release|Any CPU
		{81EA7B8E-78E5-4F7D-A4CB-4C5A0B661917}.Release|x86.ActiveCfg = Release|Any CPU
		{81EA7B8E-78E5-4F7D-A4CB-4C5A0B661917}.x64|Any CPU.ActiveCfg = Release|Any CPU
		{81EA7B8E-78E5-4F7D-A4CB-4C5A0B661917}.x64|Any CPU.Build.0 = Release|Any CPU
		{81EA7B8E-78E5-4F7D-A4CB-4C5A0B661917}.x64|x64.ActiveCfg = Release|Any CPU
		{81EA7B8E-78E5-4F7D-A4CB-4C5A0B661917}.x64|x86.ActiveCfg = Release|Any CPU
		{0F5E8E4D-DA33-418A-92C1-158DB53F9636}.Debug|Any CPU.ActiveCfg = Debug|Any CPU
		{0F5E8E4D-DA33-418A-92C1-158DB53F9636}.Debug|Any CPU.Build.0 = Debug|Any CPU
		{0F5E8E4D-DA33-418A-92C1-158DB53F9636}.Debug|x64.ActiveCfg = Debug|Any CPU
		{0F5E8E4D-DA33-418A-92C1-158DB53F9636}.Debug|x86.ActiveCfg = Debug|Any CPU
		{0F5E8E4D-DA33-418A-92C1-158DB53F9636}.Release|Any CPU.ActiveCfg = Release|Any CPU
		{0F5E8E4D-DA33-418A-92C1-158DB53F9636}.Release|Any CPU.Build.0 = Release|Any CPU
		{0F5E8E4D-DA33-418A-92C1-158DB53F9636}.Release|x64.ActiveCfg = Release|Any CPU
		{0F5E8E4D-DA33-418A-92C1-158DB53F9636}.Release|x86.ActiveCfg = Release|Any CPU
		{0F5E8E4D-DA33-418A-92C1-158DB53F9636}.x64|Any CPU.ActiveCfg = Release|Any CPU
		{0F5E8E4D-DA33-418A-92C1-158DB53F9636}.x64|Any CPU.Build.0 = Release|Any CPU
		{0F5E8E4D-DA33-418A-92C1-158DB53F9636}.x64|x64.ActiveCfg = Release|Any CPU
		{0F5E8E4D-DA33-418A-92C1-158DB53F9636}.x64|x86.ActiveCfg = Release|Any CPU
		{C022DAC4-B422-452F-9824-962D18B599A5}.Debug|Any CPU.ActiveCfg = Debug|Any CPU
		{C022DAC4-B422-452F-9824-962D18B599A5}.Debug|Any CPU.Build.0 = Debug|Any CPU
		{C022DAC4-B422-452F-9824-962D18B599A5}.Debug|x64.ActiveCfg = Debug|Any CPU
		{C022DAC4-B422-452F-9824-962D18B599A5}.Debug|x86.ActiveCfg = Debug|Any CPU
		{C022DAC4-B422-452F-9824-962D18B599A5}.Release|Any CPU.ActiveCfg = Release|Any CPU
		{C022DAC4-B422-452F-9824-962D18B599A5}.Release|Any CPU.Build.0 = Release|Any CPU
		{C022DAC4-B422-452F-9824-962D18B599A5}.Release|x64.ActiveCfg = Release|Any CPU
		{C022DAC4-B422-452F-9824-962D18B599A5}.Release|x86.ActiveCfg = Release|Any CPU
		{C022DAC4-B422-452F-9824-962D18B599A5}.x64|Any CPU.ActiveCfg = Release|Any CPU
		{C022DAC4-B422-452F-9824-962D18B599A5}.x64|Any CPU.Build.0 = Release|Any CPU
		{C022DAC4-B422-452F-9824-962D18B599A5}.x64|x64.ActiveCfg = Release|Any CPU
		{C022DAC4-B422-452F-9824-962D18B599A5}.x64|x86.ActiveCfg = Release|Any CPU
		{055A37E8-B06C-4AAD-87BC-6AE6638CFCE9}.Debug|Any CPU.ActiveCfg = Debug|Any CPU
		{055A37E8-B06C-4AAD-87BC-6AE6638CFCE9}.Debug|Any CPU.Build.0 = Debug|Any CPU
		{055A37E8-B06C-4AAD-87BC-6AE6638CFCE9}.Debug|x64.ActiveCfg = Debug|Any CPU
		{055A37E8-B06C-4AAD-87BC-6AE6638CFCE9}.Debug|x86.ActiveCfg = Debug|Any CPU
		{055A37E8-B06C-4AAD-87BC-6AE6638CFCE9}.Release|Any CPU.ActiveCfg = Release|Any CPU
		{055A37E8-B06C-4AAD-87BC-6AE6638CFCE9}.Release|Any CPU.Build.0 = Release|Any CPU
		{055A37E8-B06C-4AAD-87BC-6AE6638CFCE9}.Release|x64.ActiveCfg = Release|Any CPU
		{055A37E8-B06C-4AAD-87BC-6AE6638CFCE9}.Release|x86.ActiveCfg = Release|Any CPU
		{055A37E8-B06C-4AAD-87BC-6AE6638CFCE9}.x64|Any CPU.ActiveCfg = Release|Any CPU
		{055A37E8-B06C-4AAD-87BC-6AE6638CFCE9}.x64|Any CPU.Build.0 = Release|Any CPU
		{055A37E8-B06C-4AAD-87BC-6AE6638CFCE9}.x64|x64.ActiveCfg = Release|Any CPU
		{055A37E8-B06C-4AAD-87BC-6AE6638CFCE9}.x64|x86.ActiveCfg = Release|Any CPU
		{31F2FC6B-4161-450C-B23D-EECE5F2A5DBB}.Debug|Any CPU.ActiveCfg = Debug|Any CPU
		{31F2FC6B-4161-450C-B23D-EECE5F2A5DBB}.Debug|Any CPU.Build.0 = Debug|Any CPU
		{31F2FC6B-4161-450C-B23D-EECE5F2A5DBB}.Debug|x64.ActiveCfg = Debug|Any CPU
		{31F2FC6B-4161-450C-B23D-EECE5F2A5DBB}.Debug|x86.ActiveCfg = Debug|Any CPU
		{31F2FC6B-4161-450C-B23D-EECE5F2A5DBB}.Release|Any CPU.ActiveCfg = Release|Any CPU
		{31F2FC6B-4161-450C-B23D-EECE5F2A5DBB}.Release|Any CPU.Build.0 = Release|Any CPU
		{31F2FC6B-4161-450C-B23D-EECE5F2A5DBB}.Release|x64.ActiveCfg = Release|Any CPU
		{31F2FC6B-4161-450C-B23D-EECE5F2A5DBB}.Release|x86.ActiveCfg = Release|Any CPU
		{31F2FC6B-4161-450C-B23D-EECE5F2A5DBB}.x64|Any CPU.ActiveCfg = Release|Any CPU
		{31F2FC6B-4161-450C-B23D-EECE5F2A5DBB}.x64|Any CPU.Build.0 = Release|Any CPU
		{31F2FC6B-4161-450C-B23D-EECE5F2A5DBB}.x64|x64.ActiveCfg = Release|Any CPU
		{31F2FC6B-4161-450C-B23D-EECE5F2A5DBB}.x64|x86.ActiveCfg = Release|Any CPU
		{291C246D-7443-4536-909A-E942914EAAFD}.Debug|Any CPU.ActiveCfg = Debug|Any CPU
		{291C246D-7443-4536-909A-E942914EAAFD}.Debug|Any CPU.Build.0 = Debug|Any CPU
		{291C246D-7443-4536-909A-E942914EAAFD}.Debug|x64.ActiveCfg = Debug|Any CPU
		{291C246D-7443-4536-909A-E942914EAAFD}.Debug|x86.ActiveCfg = Debug|Any CPU
		{291C246D-7443-4536-909A-E942914EAAFD}.Release|Any CPU.ActiveCfg = Release|Any CPU
		{291C246D-7443-4536-909A-E942914EAAFD}.Release|Any CPU.Build.0 = Release|Any CPU
		{291C246D-7443-4536-909A-E942914EAAFD}.Release|x64.ActiveCfg = Release|Any CPU
		{291C246D-7443-4536-909A-E942914EAAFD}.Release|x86.ActiveCfg = Release|Any CPU
		{291C246D-7443-4536-909A-E942914EAAFD}.x64|Any CPU.ActiveCfg = Release|Any CPU
		{291C246D-7443-4536-909A-E942914EAAFD}.x64|Any CPU.Build.0 = Release|Any CPU
		{291C246D-7443-4536-909A-E942914EAAFD}.x64|x64.ActiveCfg = Release|Any CPU
		{291C246D-7443-4536-909A-E942914EAAFD}.x64|x86.ActiveCfg = Release|Any CPU
	EndGlobalSection
	GlobalSection(SolutionProperties) = preSolution
		HideSolutionNode = FALSE
	EndGlobalSection
EndGlobal
